// !$*UTF8*$!
{
	archiveVersion = 1;
	classes = {
	};
	objectVersion = 50;
	objects = {

/* Begin PBXBuildFile section */
		053C1348266E25E9002A6217 /* ToDoCoreDateMVVMApp.swift in Sources */ = {isa = PBXBuildFile; fileRef = 053C1347266E25E9002A6217 /* ToDoCoreDateMVVMApp.swift */; };
		053C134A266E25E9002A6217 /* ContentView.swift in Sources */ = {isa = PBXBuildFile; fileRef = 053C1349266E25E9002A6217 /* ContentView.swift */; };
		053C134C266E25EB002A6217 /* Assets.xcassets in Resources */ = {isa = PBXBuildFile; fileRef = 053C134B266E25EB002A6217 /* Assets.xcassets */; };
		053C134F266E25EB002A6217 /* Preview Assets.xcassets in Resources */ = {isa = PBXBuildFile; fileRef = 053C134E266E25EB002A6217 /* Preview Assets.xcassets */; };
		053C135A266E267A002A6217 /* CoreDataManager.swift in Sources */ = {isa = PBXBuildFile; fileRef = 053C1359266E267A002A6217 /* CoreDataManager.swift */; };
		053C135D266E2766002A6217 /* TestAppModel.xcdatamodeld in Sources */ = {isa = PBXBuildFile; fileRef = 053C135B266E2766002A6217 /* TestAppModel.xcdatamodeld */; };
		053C135F266E2904002A6217 /* TaskListViewModel.swift in Sources */ = {isa = PBXBuildFile; fileRef = 053C135E266E2904002A6217 /* TaskListViewModel.swift */; };
/* End PBXBuildFile section */

/* Begin PBXFileReference section */
		053C1344266E25E9002A6217 /* ToDoCoreDateMVVM.app */ = {isa = PBXFileReference; explicitFileType = wrapper.application; includeInIndex = 0; path = ToDoCoreDateMVVM.app; sourceTree = BUILT_PRODUCTS_DIR; };
		053C1347266E25E9002A6217 /* ToDoCoreDateMVVMApp.swift */ = {isa = PBXFileReference; lastKnownFileType = sourcecode.swift; path = ToDoCoreDateMVVMApp.swift; sourceTree = "<group>"; };
		053C1349266E25E9002A6217 /* ContentView.swift */ = {isa = PBXFileReference; lastKnownFileType = sourcecode.swift; path = ContentView.swift; sourceTree = "<group>"; };
		053C134B266E25EB002A6217 /* Assets.xcassets */ = {isa = PBXFileReference; lastKnownFileType = folder.assetcatalog; path = Assets.xcassets; sourceTree = "<group>"; };
		053C134E266E25EB002A6217 /* Preview Assets.xcassets */ = {isa = PBXFileReference; lastKnownFileType = folder.assetcatalog; path = "Preview Assets.xcassets"; sourceTree = "<group>"; };
		053C1350266E25EB002A6217 /* Info.plist */ = {isa = PBXFileReference; lastKnownFileType = text.plist.xml; path = Info.plist; sourceTree = "<group>"; };
		053C1359266E267A002A6217 /* CoreDataManager.swift */ = {isa = PBXFileReference; lastKnownFileType = sourcecode.swift; path = CoreDataManager.swift; sourceTree = "<group>"; };
		053C135C266E2766002A6217 /* TestAppModel.xcdatamodel */ = {isa = PBXFileReference; lastKnownFileType = wrapper.xcdatamodel; path = TestAppModel.xcdatamodel; sourceTree = "<group>"; };
		053C135E266E2904002A6217 /* TaskListViewModel.swift */ = {isa = PBXFileReference; lastKnownFileType = sourcecode.swift; path = TaskListViewModel.swift; sourceTree = "<group>"; };
/* End PBXFileReference section */

/* Begin PBXFrameworksBuildPhase section */
		053C1341266E25E9002A6217 /* Frameworks */ = {
			isa = PBXFrameworksBuildPhase;
			buildActionMask = 2147483647;
			files = (
			);
			runOnlyForDeploymentPostprocessing = 0;
		};
/* End PBXFrameworksBuildPhase section */

/* Begin PBXGroup section */
		053C133B266E25E9002A6217 = {
			isa = PBXGroup;
			children = (
				053C1346266E25E9002A6217 /* ToDoCoreDateMVVM */,
				053C1345266E25E9002A6217 /* Products */,
			);
			sourceTree = "<group>";
		};
		053C1345266E25E9002A6217 /* Products */ = {
			isa = PBXGroup;
			children = (
				053C1344266E25E9002A6217 /* ToDoCoreDateMVVM.app */,
			);
			name = Products;
			sourceTree = "<group>";
		};
		053C1346266E25E9002A6217 /* ToDoCoreDateMVVM */ = {
			isa = PBXGroup;
			children = (
				053C1356266E25F1002A6217 /* Model */,
				053C1357266E25F9002A6217 /* View */,
				053C1358266E2608002A6217 /* ViewModel */,
				05615346266F830A006B317D /* CoreDate */,
				05615345266F82DA006B317D /* SupportFile */,
				053C134B266E25EB002A6217 /* Assets.xcassets */,
				053C1350266E25EB002A6217 /* Info.plist */,
				053C134D266E25EB002A6217 /* Preview Content */,
			);
			path = ToDoCoreDateMVVM;
			sourceTree = "<group>";
		};
		053C134D266E25EB002A6217 /* Preview Content */ = {
			isa = PBXGroup;
			children = (
				053C134E266E25EB002A6217 /* Preview Assets.xcassets */,
			);
			path = "Preview Content";
			sourceTree = "<group>";
		};
		053C1356266E25F1002A6217 /* Model */ = {
			isa = PBXGroup;
			children = (
			);
			path = Model;
			sourceTree = "<group>";
		};
		053C1357266E25F9002A6217 /* View */ = {
			isa = PBXGroup;
			children = (
				053C1349266E25E9002A6217 /* ContentView.swift */,
			);
			path = View;
			sourceTree = "<group>";
		};
		053C1358266E2608002A6217 /* ViewModel */ = {
			isa = PBXGroup;
			children = (
				053C135E266E2904002A6217 /* TaskListViewModel.swift */,
			);
			path = ViewModel;
			sourceTree = "<group>";
		};
		05615345266F82DA006B317D /* SupportFile */ = {
			isa = PBXGroup;
			children = (
				053C1347266E25E9002A6217 /* ToDoCoreDateMVVMApp.swift */,
				053C135B266E2766002A6217 /* TestAppModel.xcdatamodeld */,
			);
			path = SupportFile;
			sourceTree = "<group>";
		};
		05615346266F830A006B317D /* CoreDate */ = {
			isa = PBXGroup;
			children = (
				053C1359266E267A002A6217 /* CoreDataManager.swift */,
			);
			path = CoreDate;
			sourceTree = "<group>";
		};
/* End PBXGroup section */

/* Begin PBXNativeTarget section */
		053C1343266E25E9002A6217 /* ToDoCoreDateMVVM */ = {
			isa = PBXNativeTarget;
			buildConfigurationList = 053C1353266E25EB002A6217 /* Build configuration list for PBXNativeTarget "ToDoCoreDateMVVM" */;
			buildPhases = (
				053C1340266E25E9002A6217 /* Sources */,
				053C1341266E25E9002A6217 /* Frameworks */,
				053C1342266E25E9002A6217 /* Resources */,
			);
			buildRules = (
			);
			dependencies = (
			);
			name = ToDoCoreDateMVVM;
			productName = ToDoCoreDateMVVM;
			productReference = 053C1344266E25E9002A6217 /* ToDoCoreDateMVVM.app */;
			productType = "com.apple.product-type.application";
		};
/* End PBXNativeTarget section */

/* Begin PBXProject section */
		053C133C266E25E9002A6217 /* Project object */ = {
			isa = PBXProject;
			attributes = {
				LastSwiftUpdateCheck = 1250;
				LastUpgradeCheck = 1250;
				TargetAttributes = {
					053C1343266E25E9002A6217 = {
						CreatedOnToolsVersion = 12.5;
					};
				};
			};
			buildConfigurationList = 053C133F266E25E9002A6217 /* Build configuration list for PBXProject "ToDoCoreDateMVVM" */;
			compatibilityVersion = "Xcode 9.3";
			developmentRegion = en;
			hasScannedForEncodings = 0;
			knownRegions = (
				en,
				Base,
			);
			mainGroup = 053C133B266E25E9002A6217;
			productRefGroup = 053C1345266E25E9002A6217 /* Products */;
			projectDirPath = "";
			projectRoot = "";
			targets = (
				053C1343266E25E9002A6217 /* ToDoCoreDateMVVM */,
			);
		};
/* End PBXProject section */

/* Begin PBXResourcesBuildPhase section */
		053C1342266E25E9002A6217 /* Resources */ = {
			isa = PBXResourcesBuildPhase;
			buildActionMask = 2147483647;
			files = (
				053C134F266E25EB002A6217 /* Preview Assets.xcassets in Resources */,
				053C134C266E25EB002A6217 /* Assets.xcassets in Resources */,
			);
			runOnlyForDeploymentPostprocessing = 0;
		};
/* End PBXResourcesBuildPhase section */

/* Begin PBXSourcesBuildPhase section */
		053C1340266E25E9002A6217 /* Sources */ = {
			isa = PBXSourcesBuildPhase;
			buildActionMask = 2147483647;
			files = (
				053C135A266E267A002A6217 /* CoreDataManager.swift in Sources */,
				053C134A266E25E9002A6217 /* ContentView.swift in Sources */,
				053C135F266E2904002A6217 /* TaskListViewModel.swift in Sources */,
				053C1348266E25E9002A6217 /* ToDoCoreDateMVVMApp.swift in Sources */,
				053C135D266E2766002A6217 /* TestAppModel.xcdatamodeld in Sources */,
			);
			runOnlyForDeploymentPostprocessing = 0;
		};
/* End PBXSourcesBuildPhase section */

/* Begin XCBuildConfiguration section */
		053C1351266E25EB002A6217 /* Debug */ = {
			isa = XCBuildConfiguration;
			buildSettings = {
				ALWAYS_SEARCH_USER_PATHS = NO;
				CLANG_ANALYZER_NONNULL = YES;
				CLANG_ANALYZER_NUMBER_OBJECT_CONVERSION = YES_AGGRESSIVE;
				CLANG_CXX_LANGUAGE_STANDARD = "gnu++14";
				CLANG_CXX_LIBRARY = "libc++";
				CLANG_ENABLE_MODULES = YES;
				CLANG_ENABLE_OBJC_ARC = YES;
				CLANG_ENABLE_OBJC_WEAK = YES;
				CLANG_WARN_BLOCK_CAPTURE_AUTORELEASING = YES;
				CLANG_WARN_BOOL_CONVERSION = YES;
				CLANG_WARN_COMMA = YES;
				CLANG_WARN_CONSTANT_CONVERSION = YES;
				CLANG_WARN_DEPRECATED_OBJC_IMPLEMENTATIONS = YES;
				CLANG_WARN_DIRECT_OBJC_ISA_USAGE = YES_ERROR;
				CLANG_WARN_DOCUMENTATION_COMMENTS = YES;
				CLANG_WARN_EMPTY_BODY = YES;
				CLANG_WARN_ENUM_CONVERSION = YES;
				CLANG_WARN_INFINITE_RECURSION = YES;
				CLANG_WARN_INT_CONVERSION = YES;
				CLANG_WARN_NON_LITERAL_NULL_CONVERSION = YES;
				CLANG_WARN_OBJC_IMPLICIT_RETAIN_SELF = YES;
				CLANG_WARN_OBJC_LITERAL_CONVERSION = YES;
				CLANG_WARN_OBJC_ROOT_CLASS = YES_ERROR;
				CLANG_WARN_QUOTED_INCLUDE_IN_FRAMEWORK_HEADER = YES;
				CLANG_WARN_RANGE_LOOP_ANALYSIS = YES;
				CLANG_WARN_STRICT_PROTOTYPES = YES;
				CLANG_WARN_SUSPICIOUS_MOVE = YES;
				CLANG_WARN_UNGUARDED_AVAILABILITY = YES_AGGRESSIVE;
				CLANG_WARN_UNREACHABLE_CODE = YES;
				CLANG_WARN__DUPLICATE_METHOD_MATCH = YES;
				COPY_PHASE_STRIP = NO;
				DEBUG_INFORMATION_FORMAT = dwarf;
				ENABLE_STRICT_OBJC_MSGSEND = YES;
				ENABLE_TESTABILITY = YES;
				GCC_C_LANGUAGE_STANDARD = gnu11;
				GCC_DYNAMIC_NO_PIC = NO;
				GCC_NO_COMMON_BLOCKS = YES;
				GCC_OPTIMIZATION_LEVEL = 0;
				GCC_PREPROCESSOR_DEFINITIONS = (
					"DEBUG=1",
					"$(inherited)",
				);
				GCC_WARN_64_TO_32_BIT_CONVERSION = YES;
				GCC_WARN_ABOUT_RETURN_TYPE = YES_ERROR;
				GCC_WARN_UNDECLARED_SELECTOR = YES;
				GCC_WARN_UNINITIALIZED_AUTOS = YES_AGGRESSIVE;
				GCC_WARN_UNUSED_FUNCTION = YES;
				GCC_WARN_UNUSED_VARIABLE = YES;
				IPHONEOS_DEPLOYMENT_TARGET = 14.5;
				MTL_ENABLE_DEBUG_INFO = INCLUDE_SOURCE;
				MTL_FAST_MATH = YES;
				ONLY_ACTIVE_ARCH = YES;
				SDKROOT = iphoneos;
				SWIFT_ACTIVE_COMPILATION_CONDITIONS = DEBUG;
				SWIFT_OPTIMIZATION_LEVEL = "-Onone";
			};
			name = Debug;
		};
		053C1352266E25EB002A6217 /* Release */ = {
			isa = XCBuildConfiguration;
			buildSettings = {
				ALWAYS_SEARCH_USER_PATHS = NO;
				CLANG_ANALYZER_NONNULL = YES;
				CLANG_ANALYZER_NUMBER_OBJECT_CONVERSION = YES_AGGRESSIVE;
				CLANG_CXX_LANGUAGE_STANDARD = "gnu++14";
				CLANG_CXX_LIBRARY = "libc++";
				CLANG_ENABLE_MODULES = YES;
				CLANG_ENABLE_OBJC_ARC = YES;
				CLANG_ENABLE_OBJC_WEAK = YES;
				CLANG_WARN_BLOCK_CAPTURE_AUTORELEASING = YES;
				CLANG_WARN_BOOL_CONVERSION = YES;
				CLANG_WARN_COMMA = YES;
				CLANG_WARN_CONSTANT_CONVERSION = YES;
				CLANG_WARN_DEPRECATED_OBJC_IMPLEMENTATIONS = YES;
				CLANG_WARN_DIRECT_OBJC_ISA_USAGE = YES_ERROR;
				CLANG_WARN_DOCUMENTATION_COMMENTS = YES;
				CLANG_WARN_EMPTY_BODY = YES;
				CLANG_WARN_ENUM_CONVERSION = YES;
				CLANG_WARN_INFINITE_RECURSION = YES;
				CLANG_WARN_INT_CONVERSION = YES;
				CLANG_WARN_NON_LITERAL_NULL_CONVERSION = YES;
				CLANG_WARN_OBJC_IMPLICIT_RETAIN_SELF = YES;
				CLANG_WARN_OBJC_LITERAL_CONVERSION = YES;
				CLANG_WARN_OBJC_ROOT_CLASS = YES_ERROR;
				CLANG_WARN_QUOTED_INCLUDE_IN_FRAMEWORK_HEADER = YES;
				CLANG_WARN_RANGE_LOOP_ANALYSIS = YES;
				CLANG_WARN_STRICT_PROTOTYPES = YES;
				CLANG_WARN_SUSPICIOUS_MOVE = YES;
				CLANG_WARN_UNGUARDED_AVAILABILITY = YES_AGGRESSIVE;
				CLANG_WARN_UNREACHABLE_CODE = YES;
				CLANG_WARN__DUPLICATE_METHOD_MATCH = YES;
				COPY_PHASE_STRIP = NO;
				DEBUG_INFORMATION_FORMAT = "dwarf-with-dsym";
				ENABLE_NS_ASSERTIONS = NO;
				ENABLE_STRICT_OBJC_MSGSEND = YES;
				GCC_C_LANGUAGE_STANDARD = gnu11;
				GCC_NO_COMMON_BLOCKS = YES;
				GCC_WARN_64_TO_32_BIT_CONVERSION = YES;
				GCC_WARN_ABOUT_RETURN_TYPE = YES_ERROR;
				GCC_WARN_UNDECLARED_SELECTOR = YES;
				GCC_WARN_UNINITIALIZED_AUTOS = YES_AGGRESSIVE;
				GCC_WARN_UNUSED_FUNCTION = YES;
				GCC_WARN_UNUSED_VARIABLE = YES;
				IPHONEOS_DEPLOYMENT_TARGET = 14.5;
				MTL_ENABLE_DEBUG_INFO = NO;
				MTL_FAST_MATH = YES;
				SDKROOT = iphoneos;
				SWIFT_COMPILATION_MODE = wholemodule;
				SWIFT_OPTIMIZATION_LEVEL = "-O";
				VALIDATE_PRODUCT = YES;
			};
			name = Release;
		};
		053C1354266E25EB002A6217 /* Debug */ = {
			isa = XCBuildConfiguration;
			buildSettings = {
				ASSETCATALOG_COMPILER_APPICON_NAME = AppIcon;
				ASSETCATALOG_COMPILER_GLOBAL_ACCENT_COLOR_NAME = AccentColor;
				CODE_SIGN_STYLE = Automatic;
				DEVELOPMENT_ASSET_PATHS = "\"ToDoCoreDateMVVM/Preview Content\"";
				DEVELOPMENT_TEAM = U6LJ73DDJU;
				ENABLE_PREVIEWS = YES;
				INFOPLIST_FILE = ToDoCoreDateMVVM/Info.plist;
				IPHONEOS_DEPLOYMENT_TARGET = 14.0;
				LD_RUNPATH_SEARCH_PATHS = (
					"$(inherited)",
					"@executable_path/Frameworks",
				);
				PRODUCT_BUNDLE_IDENTIFIER = com.sherstyuk.ToDoCoreDateMVVM;
				PRODUCT_NAME = "$(TARGET_NAME)";
				SWIFT_VERSION = 5.0;
				TARGETED_DEVICE_FAMILY = "1,2";
			};
			name = Debug;
		};
		053C1355266E25EB002A6217 /* Release */ = {
			isa = XCBuildConfiguration;
			buildSettings = {
				ASSETCATALOG_COMPILER_APPICON_NAME = AppIcon;
				ASSETCATALOG_COMPILER_GLOBAL_ACCENT_COLOR_NAME = AccentColor;
				CODE_SIGN_STYLE = Automatic;
				DEVELOPMENT_ASSET_PATHS = "\"ToDoCoreDateMVVM/Preview Content\"";
				DEVELOPMENT_TEAM = U6LJ73DDJU;
				ENABLE_PREVIEWS = YES;
				INFOPLIST_FILE = ToDoCoreDateMVVM/Info.plist;
				IPHONEOS_DEPLOYMENT_TARGET = 14.0;
				LD_RUNPATH_SEARCH_PATHS = (
					"$(inherited)",
					"@executable_path/Frameworks",
				);
				PRODUCT_BUNDLE_IDENTIFIER = com.sherstyuk.ToDoCoreDateMVVM;
				PRODUCT_NAME = "$(TARGET_NAME)";
				SWIFT_VERSION = 5.0;
				TARGETED_DEVICE_FAMILY = "1,2";
			};
			name = Release;
		};
/* End XCBuildConfiguration section */

/* Begin XCConfigurationList section */
		053C133F266E25E9002A6217 /* Build configuration list for PBXProject "ToDoCoreDateMVVM" */ = {
			isa = XCConfigurationList;
			buildConfigurations = (
				053C1351266E25EB002A6217 /* Debug */,
				053C1352266E25EB002A6217 /* Release */,
			);
			defaultConfigurationIsVisible = 0;
			defaultConfigurationName = Release;
		};
		053C1353266E25EB002A6217 /* Build configuration list for PBXNativeTarget "ToDoCoreDateMVVM" */ = {
			isa = XCConfigurationList;
			buildConfigurations = (
				053C1354266E25EB002A6217 /* Debug */,
				053C1355266E25EB002A6217 /* Release */,
			);
			defaultConfigurationIsVisible = 0;
			defaultConfigurationName = Release;
		};
/* End XCConfigurationList section */

/* Begin XCVersionGroup section */
		053C135B266E2766002A6217 /* TestAppModel.xcdatamodeld */ = {
			isa = XCVersionGroup;
			children = (
				053C135C266E2766002A6217 /* TestAppModel.xcdatamodel */,
			);
			currentVersion = 053C135C266E2766002A6217 /* TestAppModel.xcdatamodel */;
			path = TestAppModel.xcdatamodeld;
			sourceTree = "<group>";
			versionGroupType = wrapper.xcdatamodel;
		};
/* End XCVersionGroup section */
	};
	rootObject = 053C133C266E25E9002A6217 /* Project object */;
}
